
Microsoft Visual Studio Solution File, Format Version 12.00
# Visual Studio Version 16
VisualStudioVersion = 16.0.30503.244
MinimumVisualStudioVersion = 10.0.40219.1
Project("{9A19103F-16F7-4668-BE54-9A1E7A4F7556}") = "ObmultichoiceRetailer.Web", "ObmultichoiceRetailer.Web\ObmultichoiceRetailer.Web.csproj", "{94E54808-763C-497E-BEEA-E1BC4DD26F44}"
EndProject
Project("{9A19103F-16F7-4668-BE54-9A1E7A4F7556}") = "ObmultichoiceRetailer.Domain", "ObmultichoiceRetailer.Domain\ObmultichoiceRetailer.Domain.csproj", "{4DDF2B71-A314-4053-930B-BDE3BA18EB3A}"
EndProject
Project("{9A19103F-16F7-4668-BE54-9A1E7A4F7556}") = "ObmultichoiceRetailerWebTests", "ObmultichoiceRetailerWebTests\ObmultichoiceRetailerWebTests.csproj", "{199BA4AF-162F-46F1-995B-B39A753D5831}"
EndProject
Global
	GlobalSection(SolutionConfigurationPlatforms) = preSolution
		Debug|Any CPU = Debug|Any CPU
		Release|Any CPU = Release|Any CPU
	EndGlobalSection
	GlobalSection(ProjectConfigurationPlatforms) = postSolution
		{94E54808-763C-497E-BEEA-E1BC4DD26F44}.Debug|Any CPU.ActiveCfg = Debug|Any CPU
		{94E54808-763C-497E-BEEA-E1BC4DD26F44}.Debug|Any CPU.Build.0 = Debug|Any CPU
		{94E54808-763C-497E-BEEA-E1BC4DD26F44}.Release|Any CPU.ActiveCfg = Release|Any CPU
		{94E54808-763C-497E-BEEA-E1BC4DD26F44}.Release|Any CPU.Build.0 = Release|Any CPU
		{4DDF2B71-A314-4053-930B-BDE3BA18EB3A}.Debug|Any CPU.ActiveCfg = Debug|Any CPU
		{4DDF2B71-A314-4053-930B-BDE3BA18EB3A}.Debug|Any CPU.Build.0 = Debug|Any CPU
		{4DDF2B71-A314-4053-930B-BDE3BA18EB3A}.Release|Any CPU.ActiveCfg = Release|Any CPU
		{4DDF2B71-A314-4053-930B-BDE3BA18EB3A}.Release|Any CPU.Build.0 = Release|Any CPU
		{199BA4AF-162F-46F1-995B-B39A753D5831}.Debug|Any CPU.ActiveCfg = Debug|Any CPU
		{199BA4AF-162F-46F1-995B-B39A753D5831}.Debug|Any CPU.Build.0 = Debug|Any CPU
		{199BA4AF-162F-46F1-995B-B39A753D5831}.Release|Any CPU.ActiveCfg = Release|Any CPU
		{199BA4AF-162F-46F1-995B-B39A753D5831}.Release|Any CPU.Build.0 = Release|Any CPU
	EndGlobalSection
	GlobalSection(SolutionProperties) = preSolution
		HideSolutionNode = FALSE
	EndGlobalSection
	GlobalSection(ExtensibilityGlobals) = postSolution
		SolutionGuid = {22ECA450-221F-44BD-9E03-00A6D4D6849E}
	EndGlobalSection
EndGlobal
