
Microsoft Visual Studio Solution File, Format Version 12.00
# Visual Studio Version 16
VisualStudioVersion = 16.0.30503.244
MinimumVisualStudioVersion = 10.0.40219.1
Project("{9A19103F-16F7-4668-BE54-9A1E7A4F7556}") = "RektaRetailApp.Domain", "RektaRetailApp.Domain\RektaRetailApp.Domain.csproj", "{BAFF0EB2-3896-495C-97B5-176FEBBA7C36}"
EndProject
Project("{9A19103F-16F7-4668-BE54-9A1E7A4F7556}") = "RektaRetailApp.Web", "RektaRetailApp.Web\RektaRetailApp.Web.csproj", "{F7075783-74EA-4876-B74E-BB7461E4E34F}"
EndProject
Project("{FAE04EC0-301F-11D3-BF4B-00C04F79EFBC}") = "RektaRetailAppWebTests", "RektaRetailAppWebTests\RektaRetailAppWebTests.csproj", "{33EDD414-C493-4AC2-BD8F-B87A325C920B}"
EndProject
Global
	GlobalSection(SolutionConfigurationPlatforms) = preSolution
		Debug|Any CPU = Debug|Any CPU
		Release|Any CPU = Release|Any CPU
	EndGlobalSection
	GlobalSection(ProjectConfigurationPlatforms) = postSolution
		{BAFF0EB2-3896-495C-97B5-176FEBBA7C36}.Debug|Any CPU.ActiveCfg = Debug|Any CPU
		{BAFF0EB2-3896-495C-97B5-176FEBBA7C36}.Debug|Any CPU.Build.0 = Debug|Any CPU
		{BAFF0EB2-3896-495C-97B5-176FEBBA7C36}.Release|Any CPU.ActiveCfg = Release|Any CPU
		{BAFF0EB2-3896-495C-97B5-176FEBBA7C36}.Release|Any CPU.Build.0 = Release|Any CPU
		{F7075783-74EA-4876-B74E-BB7461E4E34F}.Debug|Any CPU.ActiveCfg = Debug|Any CPU
		{F7075783-74EA-4876-B74E-BB7461E4E34F}.Debug|Any CPU.Build.0 = Debug|Any CPU
		{F7075783-74EA-4876-B74E-BB7461E4E34F}.Release|Any CPU.ActiveCfg = Release|Any CPU
		{F7075783-74EA-4876-B74E-BB7461E4E34F}.Release|Any CPU.Build.0 = Release|Any CPU
		{33EDD414-C493-4AC2-BD8F-B87A325C920B}.Debug|Any CPU.ActiveCfg = Debug|Any CPU
		{33EDD414-C493-4AC2-BD8F-B87A325C920B}.Debug|Any CPU.Build.0 = Debug|Any CPU
		{33EDD414-C493-4AC2-BD8F-B87A325C920B}.Release|Any CPU.ActiveCfg = Release|Any CPU
		{33EDD414-C493-4AC2-BD8F-B87A325C920B}.Release|Any CPU.Build.0 = Release|Any CPU
	EndGlobalSection
	GlobalSection(SolutionProperties) = preSolution
		HideSolutionNode = FALSE
	EndGlobalSection
	GlobalSection(ExtensibilityGlobals) = postSolution
		SolutionGuid = {22ECA450-221F-44BD-9E03-00A6D4D6849E}
	EndGlobalSection
EndGlobal
